// !$*UTF8*$!
{
	archiveVersion = 1;
	classes = {
	};
	objectVersion = 50;
	objects = {

/* Begin PBXBuildFile section */
		33674B55210A2008006098FB /* AppDelegate.m in Sources */ = {isa = PBXBuildFile; fileRef = 33674B54210A2008006098FB /* AppDelegate.m */; };
		33674B58210A2008006098FB /* ViewController.m in Sources */ = {isa = PBXBuildFile; fileRef = 33674B57210A2008006098FB /* ViewController.m */; };
		33674B5B210A2008006098FB /* Main.storyboard in Resources */ = {isa = PBXBuildFile; fileRef = 33674B59210A2008006098FB /* Main.storyboard */; };
		33674B5D210A2009006098FB /* Assets.xcassets in Resources */ = {isa = PBXBuildFile; fileRef = 33674B5C210A2009006098FB /* Assets.xcassets */; };
		33674B60210A2009006098FB /* LaunchScreen.storyboard in Resources */ = {isa = PBXBuildFile; fileRef = 33674B5E210A2009006098FB /* LaunchScreen.storyboard */; };
		33674B63210A2009006098FB /* main.m in Sources */ = {isa = PBXBuildFile; fileRef = 33674B62210A2009006098FB /* main.m */; };
/* End PBXBuildFile section */

/* Begin PBXFileReference section */
		33674B50210A2008006098FB /* 144-lesson-16-while-loops.app */ = {isa = PBXFileReference; explicitFileType = wrapper.application; includeInIndex = 0; path = "144-lesson-16-while-loops.app"; sourceTree = BUILT_PRODUCTS_DIR; };
		33674B53210A2008006098FB /* AppDelegate.h */ = {isa = PBXFileReference; lastKnownFileType = sourcecode.c.h; path = AppDelegate.h; sourceTree = "<group>"; };
		33674B54210A2008006098FB /* AppDelegate.m */ = {isa = PBXFileReference; lastKnownFileType = sourcecode.c.objc; path = AppDelegate.m; sourceTree = "<group>"; };
		33674B56210A2008006098FB /* ViewController.h */ = {isa = PBXFileReference; lastKnownFileType = sourcecode.c.h; path = ViewController.h; sourceTree = "<group>"; };
		33674B57210A2008006098FB /* ViewController.m */ = {isa = PBXFileReference; lastKnownFileType = sourcecode.c.objc; path = ViewController.m; sourceTree = "<group>"; };
		33674B5A210A2008006098FB /* Base */ = {isa = PBXFileReference; lastKnownFileType = file.storyboard; name = Base; path = Base.lproj/Main.storyboard; sourceTree = "<group>"; };
		33674B5C210A2009006098FB /* Assets.xcassets */ = {isa = PBXFileReference; lastKnownFileType = folder.assetcatalog; path = Assets.xcassets; sourceTree = "<group>"; };
		33674B5F210A2009006098FB /* Base */ = {isa = PBXFileReference; lastKnownFileType = file.storyboard; name = Base; path = Base.lproj/LaunchScreen.storyboard; sourceTree = "<group>"; };
		33674B61210A2009006098FB /* Info.plist */ = {isa = PBXFileReference; lastKnownFileType = text.plist.xml; path = Info.plist; sourceTree = "<group>"; };
		33674B62210A2009006098FB /* main.m */ = {isa = PBXFileReference; lastKnownFileType = sourcecode.c.objc; path = main.m; sourceTree = "<group>"; };
/* End PBXFileReference section */

/* Begin PBXFrameworksBuildPhase section */
		33674B4D210A2008006098FB /* Frameworks */ = {
			isa = PBXFrameworksBuildPhase;
			buildActionMask = 2147483647;
			files = (
			);
			runOnlyForDeploymentPostprocessing = 0;
		};
/* End PBXFrameworksBuildPhase section */

/* Begin PBXGroup section */
		33674B47210A2008006098FB = {
			isa = PBXGroup;
			children = (
				33674B52210A2008006098FB /* 144-lesson-16-while-loops */,
				33674B51210A2008006098FB /* Products */,
			);
			sourceTree = "<group>";
		};
		33674B51210A2008006098FB /* Products */ = {
			isa = PBXGroup;
			children = (
				33674B50210A2008006098FB /* 144-lesson-16-while-loops.app */,
			);
			name = Products;
			sourceTree = "<group>";
		};
		33674B52210A2008006098FB /* 144-lesson-16-while-loops */ = {
			isa = PBXGroup;
			children = (
				33674B53210A2008006098FB /* AppDelegate.h */,
				33674B54210A2008006098FB /* AppDelegate.m */,
				33674B56210A2008006098FB /* ViewController.h */,
				33674B57210A2008006098FB /* ViewController.m */,
				33674B59210A2008006098FB /* Main.storyboard */,
				33674B5C210A2009006098FB /* Assets.xcassets */,
				33674B5E210A2009006098FB /* LaunchScreen.storyboard */,
				33674B61210A2009006098FB /* Info.plist */,
				33674B62210A2009006098FB /* main.m */,
			);
			path = "144-lesson-16-while-loops";
			sourceTree = "<group>";
		};
/* End PBXGroup section */

/* Begin PBXNativeTarget section */
		33674B4F210A2008006098FB /* 144-lesson-16-while-loops */ = {
			isa = PBXNativeTarget;
			buildConfigurationList = 33674B66210A2009006098FB /* Build configuration list for PBXNativeTarget "144-lesson-16-while-loops" */;
			buildPhases = (
				33674B4C210A2008006098FB /* Sources */,
				33674B4D210A2008006098FB /* Frameworks */,
				33674B4E210A2008006098FB /* Resources */,
			);
			buildRules = (
			);
			dependencies = (
			);
			name = "144-lesson-16-while-loops";
			productName = "144-lesson-16-while-loops";
			productReference = 33674B50210A2008006098FB /* 144-lesson-16-while-loops.app */;
			productType = "com.apple.product-type.application";
		};
/* End PBXNativeTarget section */

/* Begin PBXProject section */
		33674B48210A2008006098FB /* Project object */ = {
			isa = PBXProject;
			attributes = {
				LastUpgradeCheck = 0940;
				ORGANIZATIONNAME = epeuva;
				TargetAttributes = {
					33674B4F210A2008006098FB = {
						CreatedOnToolsVersion = 9.4.1;
					};
				};
			};
			buildConfigurationList = 33674B4B210A2008006098FB /* Build configuration list for PBXProject "144-lesson-16-while-loops" */;
			compatibilityVersion = "Xcode 9.3";
			developmentRegion = en;
			hasScannedForEncodings = 0;
			knownRegions = (
				en,
				Base,
			);
			mainGroup = 33674B47210A2008006098FB;
			productRefGroup = 33674B51210A2008006098FB /* Products */;
			projectDirPath = "";
			projectRoot = "";
			targets = (
				33674B4F210A2008006098FB /* 144-lesson-16-while-loops */,
			);
		};
/* End PBXProject section */

/* Begin PBXResourcesBuildPhase section */
		33674B4E210A2008006098FB /* Resources */ = {
			isa = PBXResourcesBuildPhase;
			buildActionMask = 2147483647;
			files = (
				33674B60210A2009006098FB /* LaunchScreen.storyboard in Resources */,
				33674B5D210A2009006098FB /* Assets.xcassets in Resources */,
				33674B5B210A2008006098FB /* Main.storyboard in Resources */,
			);
			runOnlyForDeploymentPostprocessing = 0;
		};
/* End PBXResourcesBuildPhase section */

/* Begin PBXSourcesBuildPhase section */
		33674B4C210A2008006098FB /* Sources */ = {
			isa = PBXSourcesBuildPhase;
			buildActionMask = 2147483647;
			files = (
				33674B58210A2008006098FB /* ViewController.m in Sources */,
				33674B63210A2009006098FB /* main.m in Sources */,
				33674B55210A2008006098FB /* AppDelegate.m in Sources */,
			);
			runOnlyForDeploymentPostprocessing = 0;
		};
/* End PBXSourcesBuildPhase section */

/* Begin PBXVariantGroup section */
		33674B59210A2008006098FB /* Main.storyboard */ = {
			isa = PBXVariantGroup;
			children = (
				33674B5A210A2008006098FB /* Base */,
			);
			name = Main.storyboard;
			sourceTree = "<group>";
		};
		33674B5E210A2009006098FB /* LaunchScreen.storyboard */ = {
			isa = PBXVariantGroup;
			children = (
				33674B5F210A2009006098FB /* Base */,
			);
			name = LaunchScreen.storyboard;
			sourceTree = "<group>";
		};
/* End PBXVariantGroup section */

/* Begin XCBuildConfiguration section */
		33674B64210A2009006098FB /* Debug */ = {
			isa = XCBuildConfiguration;
			buildSettings = {
				ALWAYS_SEARCH_USER_PATHS = NO;
				CLANG_ANALYZER_NONNULL = YES;
				CLANG_ANALYZER_NUMBER_OBJECT_CONVERSION = YES_AGGRESSIVE;
				CLANG_CXX_LANGUAGE_STANDARD = "gnu++14";
				CLANG_CXX_LIBRARY = "libc++";
				CLANG_ENABLE_MODULES = YES;
				CLANG_ENABLE_OBJC_ARC = YES;
				CLANG_ENABLE_OBJC_WEAK = YES;
				CLANG_WARN_BLOCK_CAPTURE_AUTORELEASING = YES;
				CLANG_WARN_BOOL_CONVERSION = YES;
				CLANG_WARN_COMMA = YES;
				CLANG_WARN_CONSTANT_CONVERSION = YES;
				CLANG_WARN_DEPRECATED_OBJC_IMPLEMENTATIONS = YES;
				CLANG_WARN_DIRECT_OBJC_ISA_USAGE = YES_ERROR;
				CLANG_WARN_DOCUMENTATION_COMMENTS = YES;
				CLANG_WARN_EMPTY_BODY = YES;
				CLANG_WARN_ENUM_CONVERSION = YES;
				CLANG_WARN_INFINITE_RECURSION = YES;
				CLANG_WARN_INT_CONVERSION = YES;
				CLANG_WARN_NON_LITERAL_NULL_CONVERSION = YES;
				CLANG_WARN_OBJC_IMPLICIT_RETAIN_SELF = YES;
				CLANG_WARN_OBJC_LITERAL_CONVERSION = YES;
				CLANG_WARN_OBJC_ROOT_CLASS = YES_ERROR;
				CLANG_WARN_RANGE_LOOP_ANALYSIS = YES;
				CLANG_WARN_STRICT_PROTOTYPES = YES;
				CLANG_WARN_SUSPICIOUS_MOVE = YES;
				CLANG_WARN_UNGUARDED_AVAILABILITY = YES_AGGRESSIVE;
				CLANG_WARN_UNREACHABLE_CODE = YES;
				CLANG_WARN__DUPLICATE_METHOD_MATCH = YES;
				CODE_SIGN_IDENTITY = "iPhone Developer";
				COPY_PHASE_STRIP = NO;
				DEBUG_INFORMATION_FORMAT = dwarf;
				ENABLE_STRICT_OBJC_MSGSEND = YES;
				ENABLE_TESTABILITY = YES;
				GCC_C_LANGUAGE_STANDARD = gnu11;
				GCC_DYNAMIC_NO_PIC = NO;
				GCC_NO_COMMON_BLOCKS = YES;
				GCC_OPTIMIZATION_LEVEL = 0;
				GCC_PREPROCESSOR_DEFINITIONS = (
					"DEBUG=1",
					"$(inherited)",
				);
				GCC_WARN_64_TO_32_BIT_CONVERSION = YES;
				GCC_WARN_ABOUT_RETURN_TYPE = YES_ERROR;
				GCC_WARN_UNDECLARED_SELECTOR = YES;
				GCC_WARN_UNINITIALIZED_AUTOS = YES_AGGRESSIVE;
				GCC_WARN_UNUSED_FUNCTION = YES;
				GCC_WARN_UNUSED_VARIABLE = YES;
				IPHONEOS_DEPLOYMENT_TARGET = 11.4;
				MTL_ENABLE_DEBUG_INFO = YES;
				ONLY_ACTIVE_ARCH = YES;
				SDKROOT = iphoneos;
			};
			name = Debug;
		};
		33674B65210A2009006098FB /* Release */ = {
			isa = XCBuildConfiguration;
			buildSettings = {
				ALWAYS_SEARCH_USER_PATHS = NO;
				CLANG_ANALYZER_NONNULL = YES;
				CLANG_ANALYZER_NUMBER_OBJECT_CONVERSION = YES_AGGRESSIVE;
				CLANG_CXX_LANGUAGE_STANDARD = "gnu++14";
				CLANG_CXX_LIBRARY = "libc++";
				CLANG_ENABLE_MODULES = YES;
				CLANG_ENABLE_OBJC_ARC = YES;
				CLANG_ENABLE_OBJC_WEAK = YES;
				CLANG_WARN_BLOCK_CAPTURE_AUTORELEASING = YES;
				CLANG_WARN_BOOL_CONVERSION = YES;
				CLANG_WARN_COMMA = YES;
				CLANG_WARN_CONSTANT_CONVERSION = YES;
				CLANG_WARN_DEPRECATED_OBJC_IMPLEMENTATIONS = YES;
				CLANG_WARN_DIRECT_OBJC_ISA_USAGE = YES_ERROR;
				CLANG_WARN_DOCUMENTATION_COMMENTS = YES;
				CLANG_WARN_EMPTY_BODY = YES;
				CLANG_WARN_ENUM_CONVERSION = YES;
				CLANG_WARN_INFINITE_RECURSION = YES;
				CLANG_WARN_INT_CONVERSION = YES;
				CLANG_WARN_NON_LITERAL_NULL_CONVERSION = YES;
				CLANG_WARN_OBJC_IMPLICIT_RETAIN_SELF = YES;
				CLANG_WARN_OBJC_LITERAL_CONVERSION = YES;
				CLANG_WARN_OBJC_ROOT_CLASS = YES_ERROR;
				CLANG_WARN_RANGE_LOOP_ANALYSIS = YES;
				CLANG_WARN_STRICT_PROTOTYPES = YES;
				CLANG_WARN_SUSPICIOUS_MOVE = YES;
				CLANG_WARN_UNGUARDED_AVAILABILITY = YES_AGGRESSIVE;
				CLANG_WARN_UNREACHABLE_CODE = YES;
				CLANG_WARN__DUPLICATE_METHOD_MATCH = YES;
				CODE_SIGN_IDENTITY = "iPhone Developer";
				COPY_PHASE_STRIP = NO;
				DEBUG_INFORMATION_FORMAT = "dwarf-with-dsym";
				ENABLE_NS_ASSERTIONS = NO;
				ENABLE_STRICT_OBJC_MSGSEND = YES;
				GCC_C_LANGUAGE_STANDARD = gnu11;
				GCC_NO_COMMON_BLOCKS = YES;
				GCC_WARN_64_TO_32_BIT_CONVERSION = YES;
				GCC_WARN_ABOUT_RETURN_TYPE = YES_ERROR;
				GCC_WARN_UNDECLARED_SELECTOR = YES;
				GCC_WARN_UNINITIALIZED_AUTOS = YES_AGGRESSIVE;
				GCC_WARN_UNUSED_FUNCTION = YES;
				GCC_WARN_UNUSED_VARIABLE = YES;
				IPHONEOS_DEPLOYMENT_TARGET = 11.4;
				MTL_ENABLE_DEBUG_INFO = NO;
				SDKROOT = iphoneos;
				VALIDATE_PRODUCT = YES;
			};
			name = Release;
		};
		33674B67210A2009006098FB /* Debug */ = {
			isa = XCBuildConfiguration;
			buildSettings = {
				ASSETCATALOG_COMPILER_APPICON_NAME = AppIcon;
				CODE_SIGN_STYLE = Automatic;
				INFOPLIST_FILE = "144-lesson-16-while-loops/Info.plist";
				LD_RUNPATH_SEARCH_PATHS = (
					"$(inherited)",
					"@executable_path/Frameworks",
				);
				PRODUCT_BUNDLE_IDENTIFIER = "com.epeuva.-44-lesson-16-while-loops";
				PRODUCT_NAME = "$(TARGET_NAME)";
				TARGETED_DEVICE_FAMILY = "1,2";
			};
			name = Debug;
		};
		33674B68210A2009006098FB /* Release */ = {
			isa = XCBuildConfiguration;
			buildSettings = {
				ASSETCATALOG_COMPILER_APPICON_NAME = AppIcon;
				CODE_SIGN_STYLE = Automatic;
				INFOPLIST_FILE = "144-lesson-16-while-loops/Info.plist";
				LD_RUNPATH_SEARCH_PATHS = (
					"$(inherited)",
					"@executable_path/Frameworks",
				);
				PRODUCT_BUNDLE_IDENTIFIER = "com.epeuva.-44-lesson-16-while-loops";
				PRODUCT_NAME = "$(TARGET_NAME)";
				TARGETED_DEVICE_FAMILY = "1,2";
			};
			name = Release;
		};
/* End XCBuildConfiguration section */

/* Begin XCConfigurationList section */
		33674B4B210A2008006098FB /* Build configuration list for PBXProject "144-lesson-16-while-loops" */ = {
			isa = XCConfigurationList;
			buildConfigurations = (
				33674B64210A2009006098FB /* Debug */,
				33674B65210A2009006098FB /* Release */,
			);
			defaultConfigurationIsVisible = 0;
			defaultConfigurationName = Release;
		};
		33674B66210A2009006098FB /* Build configuration list for PBXNativeTarget "144-lesson-16-while-loops" */ = {
			isa = XCConfigurationList;
			buildConfigurations = (
				33674B67210A2009006098FB /* Debug */,
				33674B68210A2009006098FB /* Release */,
			);
			defaultConfigurationIsVisible = 0;
			defaultConfigurationName = Release;
		};
/* End XCConfigurationList section */
	};
	rootObject = 33674B48210A2008006098FB /* Project object */;
}
